// !$*UTF8*$!
{
	archiveVersion = 1;
	classes = {
	};
	objectVersion = 46;
	objects = {

/* Begin PBXBuildFile section */
		81ECEC721AEDD99500EC3C89 /* AppDelegate.swift in Sources */ = {isa = PBXBuildFile; fileRef = 81ECEC711AEDD99500EC3C89 /* AppDelegate.swift */; };
		81ECEC741AEDD99500EC3C89 /* GameScene.sks in Resources */ = {isa = PBXBuildFile; fileRef = 81ECEC731AEDD99500EC3C89 /* GameScene.sks */; };
		81ECEC761AEDD99500EC3C89 /* GameScene.swift in Sources */ = {isa = PBXBuildFile; fileRef = 81ECEC751AEDD99500EC3C89 /* GameScene.swift */; };
		81ECEC781AEDD99500EC3C89 /* GameViewController.swift in Sources */ = {isa = PBXBuildFile; fileRef = 81ECEC771AEDD99500EC3C89 /* GameViewController.swift */; };
		81ECEC7B1AEDD99500EC3C89 /* Main.storyboard in Resources */ = {isa = PBXBuildFile; fileRef = 81ECEC791AEDD99500EC3C89 /* Main.storyboard */; };
		81ECEC7D1AEDD99500EC3C89 /* Images.xcassets in Resources */ = {isa = PBXBuildFile; fileRef = 81ECEC7C1AEDD99500EC3C89 /* Images.xcassets */; };
		81ECEC801AEDD99500EC3C89 /* LaunchScreen.xib in Resources */ = {isa = PBXBuildFile; fileRef = 81ECEC7E1AEDD99500EC3C89 /* LaunchScreen.xib */; };
		81ECEC8C1AEDD99500EC3C89 /* CutTheCloneTests.swift in Sources */ = {isa = PBXBuildFile; fileRef = 81ECEC8B1AEDD99500EC3C89 /* CutTheCloneTests.swift */; };
		81ECEC961AEDDB9000EC3C89 /* RopeNode.swift in Sources */ = {isa = PBXBuildFile; fileRef = 81ECEC951AEDDB9000EC3C89 /* RopeNode.swift */; };
/* End PBXBuildFile section */

/* Begin PBXContainerItemProxy section */
		81ECEC861AEDD99500EC3C89 /* PBXContainerItemProxy */ = {
			isa = PBXContainerItemProxy;
			containerPortal = 81ECEC641AEDD99500EC3C89 /* Project object */;
			proxyType = 1;
			remoteGlobalIDString = 81ECEC6B1AEDD99500EC3C89;
			remoteInfo = CutTheClone;
		};
/* End PBXContainerItemProxy section */

/* Begin PBXFileReference section */
		81ECEC6C1AEDD99500EC3C89 /* CutTheClone.app */ = {isa = PBXFileReference; explicitFileType = wrapper.application; includeInIndex = 0; path = CutTheClone.app; sourceTree = BUILT_PRODUCTS_DIR; };
		81ECEC701AEDD99500EC3C89 /* Info.plist */ = {isa = PBXFileReference; lastKnownFileType = text.plist.xml; path = Info.plist; sourceTree = "<group>"; };
		81ECEC711AEDD99500EC3C89 /* AppDelegate.swift */ = {isa = PBXFileReference; lastKnownFileType = sourcecode.swift; path = AppDelegate.swift; sourceTree = "<group>"; };
		81ECEC731AEDD99500EC3C89 /* GameScene.sks */ = {isa = PBXFileReference; lastKnownFileType = file.sks; path = GameScene.sks; sourceTree = "<group>"; };
		81ECEC751AEDD99500EC3C89 /* GameScene.swift */ = {isa = PBXFileReference; lastKnownFileType = sourcecode.swift; path = GameScene.swift; sourceTree = "<group>"; };
		81ECEC771AEDD99500EC3C89 /* GameViewController.swift */ = {isa = PBXFileReference; lastKnownFileType = sourcecode.swift; path = GameViewController.swift; sourceTree = "<group>"; };
		81ECEC7A1AEDD99500EC3C89 /* Base */ = {isa = PBXFileReference; lastKnownFileType = file.storyboard; name = Base; path = Base.lproj/Main.storyboard; sourceTree = "<group>"; };
		81ECEC7C1AEDD99500EC3C89 /* Images.xcassets */ = {isa = PBXFileReference; lastKnownFileType = folder.assetcatalog; path = Images.xcassets; sourceTree = "<group>"; };
		81ECEC7F1AEDD99500EC3C89 /* Base */ = {isa = PBXFileReference; lastKnownFileType = file.xib; name = Base; path = Base.lproj/LaunchScreen.xib; sourceTree = "<group>"; };
		81ECEC851AEDD99500EC3C89 /* CutTheCloneTests.xctest */ = {isa = PBXFileReference; explicitFileType = wrapper.cfbundle; includeInIndex = 0; path = CutTheCloneTests.xctest; sourceTree = BUILT_PRODUCTS_DIR; };
		81ECEC8A1AEDD99500EC3C89 /* Info.plist */ = {isa = PBXFileReference; lastKnownFileType = text.plist.xml; path = Info.plist; sourceTree = "<group>"; };
		81ECEC8B1AEDD99500EC3C89 /* CutTheCloneTests.swift */ = {isa = PBXFileReference; lastKnownFileType = sourcecode.swift; path = CutTheCloneTests.swift; sourceTree = "<group>"; };
		81ECEC951AEDDB9000EC3C89 /* RopeNode.swift */ = {isa = PBXFileReference; fileEncoding = 4; lastKnownFileType = sourcecode.swift; path = RopeNode.swift; sourceTree = "<group>"; };
/* End PBXFileReference section */

/* Begin PBXFrameworksBuildPhase section */
		81ECEC691AEDD99500EC3C89 /* Frameworks */ = {
			isa = PBXFrameworksBuildPhase;
			buildActionMask = 2147483647;
			files = (
			);
			runOnlyForDeploymentPostprocessing = 0;
		};
		81ECEC821AEDD99500EC3C89 /* Frameworks */ = {
			isa = PBXFrameworksBuildPhase;
			buildActionMask = 2147483647;
			files = (
			);
			runOnlyForDeploymentPostprocessing = 0;
		};
/* End PBXFrameworksBuildPhase section */

/* Begin PBXGroup section */
		81ECEC631AEDD99500EC3C89 = {
			isa = PBXGroup;
			children = (
				81ECEC6E1AEDD99500EC3C89 /* CutTheClone */,
				81ECEC881AEDD99500EC3C89 /* CutTheCloneTests */,
				81ECEC6D1AEDD99500EC3C89 /* Products */,
			);
			sourceTree = "<group>";
		};
		81ECEC6D1AEDD99500EC3C89 /* Products */ = {
			isa = PBXGroup;
			children = (
				81ECEC6C1AEDD99500EC3C89 /* CutTheClone.app */,
				81ECEC851AEDD99500EC3C89 /* CutTheCloneTests.xctest */,
			);
			name = Products;
			sourceTree = "<group>";
		};
		81ECEC6E1AEDD99500EC3C89 /* CutTheClone */ = {
			isa = PBXGroup;
			children = (
				81ECEC711AEDD99500EC3C89 /* AppDelegate.swift */,
				81ECEC731AEDD99500EC3C89 /* GameScene.sks */,
				81ECEC751AEDD99500EC3C89 /* GameScene.swift */,
				81ECEC771AEDD99500EC3C89 /* GameViewController.swift */,
				81ECEC951AEDDB9000EC3C89 /* RopeNode.swift */,
				81ECEC791AEDD99500EC3C89 /* Main.storyboard */,
				81ECEC7C1AEDD99500EC3C89 /* Images.xcassets */,
				81ECEC7E1AEDD99500EC3C89 /* LaunchScreen.xib */,
				81ECEC6F1AEDD99500EC3C89 /* Supporting Files */,
			);
			path = CutTheClone;
			sourceTree = "<group>";
		};
		81ECEC6F1AEDD99500EC3C89 /* Supporting Files */ = {
			isa = PBXGroup;
			children = (
				81ECEC701AEDD99500EC3C89 /* Info.plist */,
			);
			name = "Supporting Files";
			sourceTree = "<group>";
		};
		81ECEC881AEDD99500EC3C89 /* CutTheCloneTests */ = {
			isa = PBXGroup;
			children = (
				81ECEC8B1AEDD99500EC3C89 /* CutTheCloneTests.swift */,
				81ECEC891AEDD99500EC3C89 /* Supporting Files */,
			);
			path = CutTheCloneTests;
			sourceTree = "<group>";
		};
		81ECEC891AEDD99500EC3C89 /* Supporting Files */ = {
			isa = PBXGroup;
			children = (
				81ECEC8A1AEDD99500EC3C89 /* Info.plist */,
			);
			name = "Supporting Files";
			sourceTree = "<group>";
		};
/* End PBXGroup section */

/* Begin PBXNativeTarget section */
		81ECEC6B1AEDD99500EC3C89 /* CutTheClone */ = {
			isa = PBXNativeTarget;
			buildConfigurationList = 81ECEC8F1AEDD99500EC3C89 /* Build configuration list for PBXNativeTarget "CutTheClone" */;
			buildPhases = (
				81ECEC681AEDD99500EC3C89 /* Sources */,
				81ECEC691AEDD99500EC3C89 /* Frameworks */,
				81ECEC6A1AEDD99500EC3C89 /* Resources */,
			);
			buildRules = (
			);
			dependencies = (
			);
			name = CutTheClone;
			productName = CutTheClone;
			productReference = 81ECEC6C1AEDD99500EC3C89 /* CutTheClone.app */;
			productType = "com.apple.product-type.application";
		};
		81ECEC841AEDD99500EC3C89 /* CutTheCloneTests */ = {
			isa = PBXNativeTarget;
			buildConfigurationList = 81ECEC921AEDD99500EC3C89 /* Build configuration list for PBXNativeTarget "CutTheCloneTests" */;
			buildPhases = (
				81ECEC811AEDD99500EC3C89 /* Sources */,
				81ECEC821AEDD99500EC3C89 /* Frameworks */,
				81ECEC831AEDD99500EC3C89 /* Resources */,
			);
			buildRules = (
			);
			dependencies = (
				81ECEC871AEDD99500EC3C89 /* PBXTargetDependency */,
			);
			name = CutTheCloneTests;
			productName = CutTheCloneTests;
			productReference = 81ECEC851AEDD99500EC3C89 /* CutTheCloneTests.xctest */;
			productType = "com.apple.product-type.bundle.unit-test";
		};
/* End PBXNativeTarget section */

/* Begin PBXProject section */
		81ECEC641AEDD99500EC3C89 /* Project object */ = {
			isa = PBXProject;
			attributes = {
				LastUpgradeCheck = 0630;
				ORGANIZATIONNAME = erorumsoftware;
				TargetAttributes = {
					81ECEC6B1AEDD99500EC3C89 = {
						CreatedOnToolsVersion = 6.3.1;
					};
					81ECEC841AEDD99500EC3C89 = {
						CreatedOnToolsVersion = 6.3.1;
						TestTargetID = 81ECEC6B1AEDD99500EC3C89;
					};
				};
			};
			buildConfigurationList = 81ECEC671AEDD99500EC3C89 /* Build configuration list for PBXProject "CutTheClone" */;
			compatibilityVersion = "Xcode 3.2";
			developmentRegion = English;
			hasScannedForEncodings = 0;
			knownRegions = (
				en,
				Base,
			);
			mainGroup = 81ECEC631AEDD99500EC3C89;
			productRefGroup = 81ECEC6D1AEDD99500EC3C89 /* Products */;
			projectDirPath = "";
			projectRoot = "";
			targets = (
				81ECEC6B1AEDD99500EC3C89 /* CutTheClone */,
				81ECEC841AEDD99500EC3C89 /* CutTheCloneTests */,
			);
		};
/* End PBXProject section */

/* Begin PBXResourcesBuildPhase section */
		81ECEC6A1AEDD99500EC3C89 /* Resources */ = {
			isa = PBXResourcesBuildPhase;
			buildActionMask = 2147483647;
			files = (
				81ECEC801AEDD99500EC3C89 /* LaunchScreen.xib in Resources */,
				81ECEC7D1AEDD99500EC3C89 /* Images.xcassets in Resources */,
				81ECEC741AEDD99500EC3C89 /* GameScene.sks in Resources */,
				81ECEC7B1AEDD99500EC3C89 /* Main.storyboard in Resources */,
			);
			runOnlyForDeploymentPostprocessing = 0;
		};
		81ECEC831AEDD99500EC3C89 /* Resources */ = {
			isa = PBXResourcesBuildPhase;
			buildActionMask = 2147483647;
			files = (
			);
			runOnlyForDeploymentPostprocessing = 0;
		};
/* End PBXResourcesBuildPhase section */

/* Begin PBXSourcesBuildPhase section */
		81ECEC681AEDD99500EC3C89 /* Sources */ = {
			isa = PBXSourcesBuildPhase;
			buildActionMask = 2147483647;
			files = (
				81ECEC761AEDD99500EC3C89 /* GameScene.swift in Sources */,
				81ECEC961AEDDB9000EC3C89 /* RopeNode.swift in Sources */,
				81ECEC781AEDD99500EC3C89 /* GameViewController.swift in Sources */,
				81ECEC721AEDD99500EC3C89 /* AppDelegate.swift in Sources */,
			);
			runOnlyForDeploymentPostprocessing = 0;
		};
		81ECEC811AEDD99500EC3C89 /* Sources */ = {
			isa = PBXSourcesBuildPhase;
			buildActionMask = 2147483647;
			files = (
				81ECEC8C1AEDD99500EC3C89 /* CutTheCloneTests.swift in Sources */,
			);
			runOnlyForDeploymentPostprocessing = 0;
		};
/* End PBXSourcesBuildPhase section */

/* Begin PBXTargetDependency section */
		81ECEC871AEDD99500EC3C89 /* PBXTargetDependency */ = {
			isa = PBXTargetDependency;
			target = 81ECEC6B1AEDD99500EC3C89 /* CutTheClone */;
			targetProxy = 81ECEC861AEDD99500EC3C89 /* PBXContainerItemProxy */;
		};
/* End PBXTargetDependency section */

/* Begin PBXVariantGroup section */
		81ECEC791AEDD99500EC3C89 /* Main.storyboard */ = {
			isa = PBXVariantGroup;
			children = (
				81ECEC7A1AEDD99500EC3C89 /* Base */,
			);
			name = Main.storyboard;
			sourceTree = "<group>";
		};
		81ECEC7E1AEDD99500EC3C89 /* LaunchScreen.xib */ = {
			isa = PBXVariantGroup;
			children = (
				81ECEC7F1AEDD99500EC3C89 /* Base */,
			);
			name = LaunchScreen.xib;
			sourceTree = "<group>";
		};
/* End PBXVariantGroup section */

/* Begin XCBuildConfiguration section */
		81ECEC8D1AEDD99500EC3C89 /* Debug */ = {
			isa = XCBuildConfiguration;
			buildSettings = {
				ALWAYS_SEARCH_USER_PATHS = NO;
				CLANG_CXX_LANGUAGE_STANDARD = "gnu++0x";
				CLANG_CXX_LIBRARY = "libc++";
				CLANG_ENABLE_MODULES = YES;
				CLANG_ENABLE_OBJC_ARC = YES;
				CLANG_WARN_BOOL_CONVERSION = YES;
				CLANG_WARN_CONSTANT_CONVERSION = YES;
				CLANG_WARN_DIRECT_OBJC_ISA_USAGE = YES_ERROR;
				CLANG_WARN_EMPTY_BODY = YES;
				CLANG_WARN_ENUM_CONVERSION = YES;
				CLANG_WARN_INT_CONVERSION = YES;
				CLANG_WARN_OBJC_ROOT_CLASS = YES_ERROR;
				CLANG_WARN_UNREACHABLE_CODE = YES;
				CLANG_WARN__DUPLICATE_METHOD_MATCH = YES;
				"CODE_SIGN_IDENTITY[sdk=iphoneos*]" = "iPhone Developer";
				COPY_PHASE_STRIP = NO;
				DEBUG_INFORMATION_FORMAT = "dwarf-with-dsym";
				ENABLE_STRICT_OBJC_MSGSEND = YES;
				GCC_C_LANGUAGE_STANDARD = gnu99;
				GCC_DYNAMIC_NO_PIC = NO;
				GCC_NO_COMMON_BLOCKS = YES;
				GCC_OPTIMIZATION_LEVEL = 0;
				GCC_PREPROCESSOR_DEFINITIONS = (
					"DEBUG=1",
					"$(inherited)",
				);
				GCC_SYMBOLS_PRIVATE_EXTERN = NO;
				GCC_WARN_64_TO_32_BIT_CONVERSION = YES;
				GCC_WARN_ABOUT_RETURN_TYPE = YES_ERROR;
				GCC_WARN_UNDECLARED_SELECTOR = YES;
				GCC_WARN_UNINITIALIZED_AUTOS = YES_AGGRESSIVE;
				GCC_WARN_UNUSED_FUNCTION = YES;
				GCC_WARN_UNUSED_VARIABLE = YES;
				IPHONEOS_DEPLOYMENT_TARGET = 8.3;
				MTL_ENABLE_DEBUG_INFO = YES;
				ONLY_ACTIVE_ARCH = YES;
				SDKROOT = iphoneos;
				SWIFT_OPTIMIZATION_LEVEL = "-Onone";
				TARGETED_DEVICE_FAMILY = "1,2";
			};
			name = Debug;
		};
		81ECEC8E1AEDD99500EC3C89 /* Release */ = {
			isa = XCBuildConfiguration;
			buildSettings = {
				ALWAYS_SEARCH_USER_PATHS = NO;
				CLANG_CXX_LANGUAGE_STANDARD = "gnu++0x";
				CLANG_CXX_LIBRARY = "libc++";
				CLANG_ENABLE_MODULES = YES;
				CLANG_ENABLE_OBJC_ARC = YES;
				CLANG_WARN_BOOL_CONVERSION = YES;
				CLANG_WARN_CONSTANT_CONVERSION = YES;
				CLANG_WARN_DIRECT_OBJC_ISA_USAGE = YES_ERROR;
				CLANG_WARN_EMPTY_BODY = YES;
				CLANG_WARN_ENUM_CONVERSION = YES;
				CLANG_WARN_INT_CONVERSION = YES;
				CLANG_WARN_OBJC_ROOT_CLASS = YES_ERROR;
				CLANG_WARN_UNREACHABLE_CODE = YES;
				CLANG_WARN__DUPLICATE_METHOD_MATCH = YES;
				"CODE_SIGN_IDENTITY[sdk=iphoneos*]" = "iPhone Developer";
				COPY_PHASE_STRIP = NO;
				DEBUG_INFORMATION_FORMAT = "dwarf-with-dsym";
				ENABLE_NS_ASSERTIONS = NO;
				ENABLE_STRICT_OBJC_MSGSEND = YES;
				GCC_C_LANGUAGE_STANDARD = gnu99;
				GCC_NO_COMMON_BLOCKS = YES;
				GCC_WARN_64_TO_32_BIT_CONVERSION = YES;
				GCC_WARN_ABOUT_RETURN_TYPE = YES_ERROR;
				GCC_WARN_UNDECLARED_SELECTOR = YES;
				GCC_WARN_UNINITIALIZED_AUTOS = YES_AGGRESSIVE;
				GCC_WARN_UNUSED_FUNCTION = YES;
				GCC_WARN_UNUSED_VARIABLE = YES;
				IPHONEOS_DEPLOYMENT_TARGET = 8.3;
				MTL_ENABLE_DEBUG_INFO = NO;
				SDKROOT = iphoneos;
				TARGETED_DEVICE_FAMILY = "1,2";
				VALIDATE_PRODUCT = YES;
			};
			name = Release;
		};
		81ECEC901AEDD99500EC3C89 /* Debug */ = {
			isa = XCBuildConfiguration;
			buildSettings = {
				ASSETCATALOG_COMPILER_APPICON_NAME = AppIcon;
				INFOPLIST_FILE = CutTheClone/Info.plist;
				LD_RUNPATH_SEARCH_PATHS = "$(inherited) @executable_path/Frameworks";
				PRODUCT_NAME = "$(TARGET_NAME)";
			};
			name = Debug;
		};
		81ECEC911AEDD99500EC3C89 /* Release */ = {
			isa = XCBuildConfiguration;
			buildSettings = {
				ASSETCATALOG_COMPILER_APPICON_NAME = AppIcon;
				INFOPLIST_FILE = CutTheClone/Info.plist;
				LD_RUNPATH_SEARCH_PATHS = "$(inherited) @executable_path/Frameworks";
				PRODUCT_NAME = "$(TARGET_NAME)";
			};
			name = Release;
		};
		81ECEC931AEDD99500EC3C89 /* Debug */ = {
			isa = XCBuildConfiguration;
			buildSettings = {
				BUNDLE_LOADER = "$(TEST_HOST)";
				FRAMEWORK_SEARCH_PATHS = (
					"$(SDKROOT)/Developer/Library/Frameworks",
					"$(inherited)",
				);
				GCC_PREPROCESSOR_DEFINITIONS = (
					"DEBUG=1",
					"$(inherited)",
				);
				INFOPLIST_FILE = CutTheCloneTests/Info.plist;
				LD_RUNPATH_SEARCH_PATHS = "$(inherited) @executable_path/Frameworks @loader_path/Frameworks";
				PRODUCT_NAME = "$(TARGET_NAME)";
				TEST_HOST = "$(BUILT_PRODUCTS_DIR)/CutTheClone.app/CutTheClone";
			};
			name = Debug;
		};
		81ECEC941AEDD99500EC3C89 /* Release */ = {
			isa = XCBuildConfiguration;
			buildSettings = {
				BUNDLE_LOADER = "$(TEST_HOST)";
				FRAMEWORK_SEARCH_PATHS = (
					"$(SDKROOT)/Developer/Library/Frameworks",
					"$(inherited)",
				);
				INFOPLIST_FILE = CutTheCloneTests/Info.plist;
				LD_RUNPATH_SEARCH_PATHS = "$(inherited) @executable_path/Frameworks @loader_path/Frameworks";
				PRODUCT_NAME = "$(TARGET_NAME)";
				TEST_HOST = "$(BUILT_PRODUCTS_DIR)/CutTheClone.app/CutTheClone";
			};
			name = Release;
		};
/* End XCBuildConfiguration section */

/* Begin XCConfigurationList section */
		81ECEC671AEDD99500EC3C89 /* Build configuration list for PBXProject "CutTheClone" */ = {
			isa = XCConfigurationList;
			buildConfigurations = (
				81ECEC8D1AEDD99500EC3C89 /* Debug */,
				81ECEC8E1AEDD99500EC3C89 /* Release */,
			);
			defaultConfigurationIsVisible = 0;
			defaultConfigurationName = Release;
		};
		81ECEC8F1AEDD99500EC3C89 /* Build configuration list for PBXNativeTarget "CutTheClone" */ = {
			isa = XCConfigurationList;
			buildConfigurations = (
				81ECEC901AEDD99500EC3C89 /* Debug */,
				81ECEC911AEDD99500EC3C89 /* Release */,
			);
			defaultConfigurationIsVisible = 0;
		};
		81ECEC921AEDD99500EC3C89 /* Build configuration list for PBXNativeTarget "CutTheCloneTests" */ = {
			isa = XCConfigurationList;
			buildConfigurations = (
				81ECEC931AEDD99500EC3C89 /* Debug */,
				81ECEC941AEDD99500EC3C89 /* Release */,
			);
			defaultConfigurationIsVisible = 0;
		};
/* End XCConfigurationList section */
	};
	rootObject = 81ECEC641AEDD99500EC3C89 /* Project object */;
}
